
Microsoft Visual Studio Solution File, Format Version 12.00
# Visual Studio Version 17
VisualStudioVersion = 17.4.33213.308
MinimumVisualStudioVersion = 10.0.40219.1
Project("{9A19103F-16F7-4668-BE54-9A1E7A4F7556}") = "OPC UA Nodeset WebAPI", "OPC UA Nodeset WebAPI\OPC UA Nodeset WebAPI.csproj", "{BB24380C-8EE7-4882-86A8-BD8029F21202}"
EndProject
Project("{2150E333-8FDC-42A3-9474-1A3956D46DE8}") = "Scripts and Tests", "Scripts and Tests", "{D54DA77B-5B43-4731-A6A4-2A86670524AC}"
EndProject
Project("{9A19103F-16F7-4668-BE54-9A1E7A4F7556}") = "01 Prep New Model", "01 Prep New Model\01 Prep New Model.csproj", "{3679BF92-9185-4417-BFC3-A8F3AFE78066}"
EndProject
Project("{FAE04EC0-301F-11D3-BF4B-00C04F79EFBC}") = "02 Browse Model", "02 Browse Model\02 Browse Model.csproj", "{E1C28677-CD91-467B-ADF6-DF953E3B3B07}"
EndProject
Global
	GlobalSection(SolutionConfigurationPlatforms) = preSolution
		Debug|Any CPU = Debug|Any CPU
		Release|Any CPU = Release|Any CPU
	EndGlobalSection
	GlobalSection(ProjectConfigurationPlatforms) = postSolution
		{BB24380C-8EE7-4882-86A8-BD8029F21202}.Debug|Any CPU.ActiveCfg = Debug|Any CPU
		{BB24380C-8EE7-4882-86A8-BD8029F21202}.Debug|Any CPU.Build.0 = Debug|Any CPU
		{BB24380C-8EE7-4882-86A8-BD8029F21202}.Release|Any CPU.ActiveCfg = Release|Any CPU
		{BB24380C-8EE7-4882-86A8-BD8029F21202}.Release|Any CPU.Build.0 = Release|Any CPU
		{3679BF92-9185-4417-BFC3-A8F3AFE78066}.Debug|Any CPU.ActiveCfg = Debug|Any CPU
		{3679BF92-9185-4417-BFC3-A8F3AFE78066}.Debug|Any CPU.Build.0 = Debug|Any CPU
		{3679BF92-9185-4417-BFC3-A8F3AFE78066}.Release|Any CPU.ActiveCfg = Release|Any CPU
		{3679BF92-9185-4417-BFC3-A8F3AFE78066}.Release|Any CPU.Build.0 = Release|Any CPU
		{E1C28677-CD91-467B-ADF6-DF953E3B3B07}.Debug|Any CPU.ActiveCfg = Debug|Any CPU
		{E1C28677-CD91-467B-ADF6-DF953E3B3B07}.Debug|Any CPU.Build.0 = Debug|Any CPU
		{E1C28677-CD91-467B-ADF6-DF953E3B3B07}.Release|Any CPU.ActiveCfg = Release|Any CPU
		{E1C28677-CD91-467B-ADF6-DF953E3B3B07}.Release|Any CPU.Build.0 = Release|Any CPU
	EndGlobalSection
	GlobalSection(SolutionProperties) = preSolution
		HideSolutionNode = FALSE
	EndGlobalSection
	GlobalSection(NestedProjects) = preSolution
		{3679BF92-9185-4417-BFC3-A8F3AFE78066} = {D54DA77B-5B43-4731-A6A4-2A86670524AC}
		{E1C28677-CD91-467B-ADF6-DF953E3B3B07} = {D54DA77B-5B43-4731-A6A4-2A86670524AC}
	EndGlobalSection
	GlobalSection(ExtensibilityGlobals) = postSolution
		SolutionGuid = {E2F16649-A904-4BCC-94B1-C5D0BA8C6CC2}
	EndGlobalSection
EndGlobal
